
Microsoft Visual Studio Solution File, Format Version 12.00
# Visual Studio Version 16
VisualStudioVersion = 16.0.32901.82
MinimumVisualStudioVersion = 10.0.40219.1
Project("{FAE04EC0-301F-11D3-BF4B-00C04F79EFBC}") = "MyDictionaryExample", "MyDictionaryExample\MyDictionaryExample.csproj", "{E788336D-B347-4D44-A8DA-B3BE683D30D4}"
EndProject
Global
	GlobalSection(SolutionConfigurationPlatforms) = preSolution
		Debug|Any CPU = Debug|Any CPU
		Release|Any CPU = Release|Any CPU
	EndGlobalSection
	GlobalSection(ProjectConfigurationPlatforms) = postSolution
		{E788336D-B347-4D44-A8DA-B3BE683D30D4}.Debug|Any CPU.ActiveCfg = Debug|Any CPU
		{E788336D-B347-4D44-A8DA-B3BE683D30D4}.Debug|Any CPU.Build.0 = Debug|Any CPU
		{E788336D-B347-4D44-A8DA-B3BE683D30D4}.Release|Any CPU.ActiveCfg = Release|Any CPU
		{E788336D-B347-4D44-A8DA-B3BE683D30D4}.Release|Any CPU.Build.0 = Release|Any CPU
	EndGlobalSection
	GlobalSection(SolutionProperties) = preSolution
		HideSolutionNode = FALSE
	EndGlobalSection
	GlobalSection(ExtensibilityGlobals) = postSolution
		SolutionGuid = {67D0B605-F6B3-43DE-ADA8-8117244E03E0}
	EndGlobalSection
EndGlobal
